// !$*UTF8*$!
{
	archiveVersion = 1;
	classes = {
	};
	objectVersion = 50;
	objects = {

/* Begin PBXBuildFile section */
		8EF7201C232F316A0035C87D /* AppDelegate.swift in Sources */ = {isa = PBXBuildFile; fileRef = 8EF7201B232F316A0035C87D /* AppDelegate.swift */; };
		8EF7201E232F316A0035C87D /* ViewController.swift in Sources */ = {isa = PBXBuildFile; fileRef = 8EF7201D232F316A0035C87D /* ViewController.swift */; };
		8EF72021232F316A0035C87D /* Main.storyboard in Resources */ = {isa = PBXBuildFile; fileRef = 8EF7201F232F316A0035C87D /* Main.storyboard */; };
		8EF72023232F316B0035C87D /* Assets.xcassets in Resources */ = {isa = PBXBuildFile; fileRef = 8EF72022232F316B0035C87D /* Assets.xcassets */; };
		8EF72026232F316B0035C87D /* LaunchScreen.storyboard in Resources */ = {isa = PBXBuildFile; fileRef = 8EF72024232F316B0035C87D /* LaunchScreen.storyboard */; };
		8EF72031232F316B0035C87D /* Bip_The_GuyTests.swift in Sources */ = {isa = PBXBuildFile; fileRef = 8EF72030232F316B0035C87D /* Bip_The_GuyTests.swift */; };
/* End PBXBuildFile section */

/* Begin PBXContainerItemProxy section */
		8EF7202D232F316B0035C87D /* PBXContainerItemProxy */ = {
			isa = PBXContainerItemProxy;
			containerPortal = 8EF72010232F31690035C87D /* Project object */;
			proxyType = 1;
			remoteGlobalIDString = 8EF72017232F316A0035C87D;
			remoteInfo = "Bip The Guy";
		};
/* End PBXContainerItemProxy section */

/* Begin PBXFileReference section */
		8EF72018232F316A0035C87D /* Bip The Guy.app */ = {isa = PBXFileReference; explicitFileType = wrapper.application; includeInIndex = 0; path = "Bip The Guy.app"; sourceTree = BUILT_PRODUCTS_DIR; };
		8EF7201B232F316A0035C87D /* AppDelegate.swift */ = {isa = PBXFileReference; lastKnownFileType = sourcecode.swift; path = AppDelegate.swift; sourceTree = "<group>"; };
		8EF7201D232F316A0035C87D /* ViewController.swift */ = {isa = PBXFileReference; lastKnownFileType = sourcecode.swift; path = ViewController.swift; sourceTree = "<group>"; };
		8EF72020232F316A0035C87D /* Base */ = {isa = PBXFileReference; lastKnownFileType = file.storyboard; name = Base; path = Base.lproj/Main.storyboard; sourceTree = "<group>"; };
		8EF72022232F316B0035C87D /* Assets.xcassets */ = {isa = PBXFileReference; lastKnownFileType = folder.assetcatalog; path = Assets.xcassets; sourceTree = "<group>"; };
		8EF72025232F316B0035C87D /* Base */ = {isa = PBXFileReference; lastKnownFileType = file.storyboard; name = Base; path = Base.lproj/LaunchScreen.storyboard; sourceTree = "<group>"; };
		8EF72027232F316B0035C87D /* Info.plist */ = {isa = PBXFileReference; lastKnownFileType = text.plist.xml; path = Info.plist; sourceTree = "<group>"; };
		8EF7202C232F316B0035C87D /* Bip The GuyTests.xctest */ = {isa = PBXFileReference; explicitFileType = wrapper.cfbundle; includeInIndex = 0; path = "Bip The GuyTests.xctest"; sourceTree = BUILT_PRODUCTS_DIR; };
		8EF72030232F316B0035C87D /* Bip_The_GuyTests.swift */ = {isa = PBXFileReference; lastKnownFileType = sourcecode.swift; path = Bip_The_GuyTests.swift; sourceTree = "<group>"; };
		8EF72032232F316B0035C87D /* Info.plist */ = {isa = PBXFileReference; lastKnownFileType = text.plist.xml; path = Info.plist; sourceTree = "<group>"; };
/* End PBXFileReference section */

/* Begin PBXFrameworksBuildPhase section */
		8EF72015232F316A0035C87D /* Frameworks */ = {
			isa = PBXFrameworksBuildPhase;
			buildActionMask = 2147483647;
			files = (
			);
			runOnlyForDeploymentPostprocessing = 0;
		};
		8EF72029232F316B0035C87D /* Frameworks */ = {
			isa = PBXFrameworksBuildPhase;
			buildActionMask = 2147483647;
			files = (
			);
			runOnlyForDeploymentPostprocessing = 0;
		};
/* End PBXFrameworksBuildPhase section */

/* Begin PBXGroup section */
		8EF7200F232F31690035C87D = {
			isa = PBXGroup;
			children = (
				8EF7201A232F316A0035C87D /* Bip The Guy */,
				8EF7202F232F316B0035C87D /* Bip The GuyTests */,
				8EF72019232F316A0035C87D /* Products */,
			);
			sourceTree = "<group>";
		};
		8EF72019232F316A0035C87D /* Products */ = {
			isa = PBXGroup;
			children = (
				8EF72018232F316A0035C87D /* Bip The Guy.app */,
				8EF7202C232F316B0035C87D /* Bip The GuyTests.xctest */,
			);
			name = Products;
			sourceTree = "<group>";
		};
		8EF7201A232F316A0035C87D /* Bip The Guy */ = {
			isa = PBXGroup;
			children = (
				8EF7201B232F316A0035C87D /* AppDelegate.swift */,
				8EF7201D232F316A0035C87D /* ViewController.swift */,
				8EF7201F232F316A0035C87D /* Main.storyboard */,
				8EF72022232F316B0035C87D /* Assets.xcassets */,
				8EF72024232F316B0035C87D /* LaunchScreen.storyboard */,
				8EF72027232F316B0035C87D /* Info.plist */,
			);
			path = "Bip The Guy";
			sourceTree = "<group>";
		};
		8EF7202F232F316B0035C87D /* Bip The GuyTests */ = {
			isa = PBXGroup;
			children = (
				8EF72030232F316B0035C87D /* Bip_The_GuyTests.swift */,
				8EF72032232F316B0035C87D /* Info.plist */,
			);
			path = "Bip The GuyTests";
			sourceTree = "<group>";
		};
/* End PBXGroup section */

/* Begin PBXNativeTarget section */
		8EF72017232F316A0035C87D /* Bip The Guy */ = {
			isa = PBXNativeTarget;
			buildConfigurationList = 8EF72035232F316B0035C87D /* Build configuration list for PBXNativeTarget "Bip The Guy" */;
			buildPhases = (
				8EF72014232F316A0035C87D /* Sources */,
				8EF72015232F316A0035C87D /* Frameworks */,
				8EF72016232F316A0035C87D /* Resources */,
			);
			buildRules = (
			);
			dependencies = (
			);
			name = "Bip The Guy";
			productName = "Bip The Guy";
			productReference = 8EF72018232F316A0035C87D /* Bip The Guy.app */;
			productType = "com.apple.product-type.application";
		};
		8EF7202B232F316B0035C87D /* Bip The GuyTests */ = {
			isa = PBXNativeTarget;
			buildConfigurationList = 8EF72038232F316B0035C87D /* Build configuration list for PBXNativeTarget "Bip The GuyTests" */;
			buildPhases = (
				8EF72028232F316B0035C87D /* Sources */,
				8EF72029232F316B0035C87D /* Frameworks */,
				8EF7202A232F316B0035C87D /* Resources */,
			);
			buildRules = (
			);
			dependencies = (
				8EF7202E232F316B0035C87D /* PBXTargetDependency */,
			);
			name = "Bip The GuyTests";
			productName = "Bip The GuyTests";
			productReference = 8EF7202C232F316B0035C87D /* Bip The GuyTests.xctest */;
			productType = "com.apple.product-type.bundle.unit-test";
		};
/* End PBXNativeTarget section */

/* Begin PBXProject section */
		8EF72010232F31690035C87D /* Project object */ = {
			isa = PBXProject;
			attributes = {
				LastSwiftUpdateCheck = 1030;
				LastUpgradeCheck = 1030;
				ORGANIZATIONNAME = "Sandeep Singh";
				TargetAttributes = {
					8EF72017232F316A0035C87D = {
						CreatedOnToolsVersion = 10.3;
					};
					8EF7202B232F316B0035C87D = {
						CreatedOnToolsVersion = 10.3;
						TestTargetID = 8EF72017232F316A0035C87D;
					};
				};
			};
			buildConfigurationList = 8EF72013232F31690035C87D /* Build configuration list for PBXProject "Bip The Guy" */;
			compatibilityVersion = "Xcode 9.3";
			developmentRegion = en;
			hasScannedForEncodings = 0;
			knownRegions = (
				en,
				Base,
			);
			mainGroup = 8EF7200F232F31690035C87D;
			productRefGroup = 8EF72019232F316A0035C87D /* Products */;
			projectDirPath = "";
			projectRoot = "";
			targets = (
				8EF72017232F316A0035C87D /* Bip The Guy */,
				8EF7202B232F316B0035C87D /* Bip The GuyTests */,
			);
		};
/* End PBXProject section */

/* Begin PBXResourcesBuildPhase section */
		8EF72016232F316A0035C87D /* Resources */ = {
			isa = PBXResourcesBuildPhase;
			buildActionMask = 2147483647;
			files = (
				8EF72026232F316B0035C87D /* LaunchScreen.storyboard in Resources */,
				8EF72023232F316B0035C87D /* Assets.xcassets in Resources */,
				8EF72021232F316A0035C87D /* Main.storyboard in Resources */,
			);
			runOnlyForDeploymentPostprocessing = 0;
		};
		8EF7202A232F316B0035C87D /* Resources */ = {
			isa = PBXResourcesBuildPhase;
			buildActionMask = 2147483647;
			files = (
			);
			runOnlyForDeploymentPostprocessing = 0;
		};
/* End PBXResourcesBuildPhase section */

/* Begin PBXSourcesBuildPhase section */
		8EF72014232F316A0035C87D /* Sources */ = {
			isa = PBXSourcesBuildPhase;
			buildActionMask = 2147483647;
			files = (
				8EF7201E232F316A0035C87D /* ViewController.swift in Sources */,
				8EF7201C232F316A0035C87D /* AppDelegate.swift in Sources */,
			);
			runOnlyForDeploymentPostprocessing = 0;
		};
		8EF72028232F316B0035C87D /* Sources */ = {
			isa = PBXSourcesBuildPhase;
			buildActionMask = 2147483647;
			files = (
				8EF72031232F316B0035C87D /* Bip_The_GuyTests.swift in Sources */,
			);
			runOnlyForDeploymentPostprocessing = 0;
		};
/* End PBXSourcesBuildPhase section */

/* Begin PBXTargetDependency section */
		8EF7202E232F316B0035C87D /* PBXTargetDependency */ = {
			isa = PBXTargetDependency;
			target = 8EF72017232F316A0035C87D /* Bip The Guy */;
			targetProxy = 8EF7202D232F316B0035C87D /* PBXContainerItemProxy */;
		};
/* End PBXTargetDependency section */

/* Begin PBXVariantGroup section */
		8EF7201F232F316A0035C87D /* Main.storyboard */ = {
			isa = PBXVariantGroup;
			children = (
				8EF72020232F316A0035C87D /* Base */,
			);
			name = Main.storyboard;
			sourceTree = "<group>";
		};
		8EF72024232F316B0035C87D /* LaunchScreen.storyboard */ = {
			isa = PBXVariantGroup;
			children = (
				8EF72025232F316B0035C87D /* Base */,
			);
			name = LaunchScreen.storyboard;
			sourceTree = "<group>";
		};
/* End PBXVariantGroup section */

/* Begin XCBuildConfiguration section */
		8EF72033232F316B0035C87D /* Debug */ = {
			isa = XCBuildConfiguration;
			buildSettings = {
				ALWAYS_SEARCH_USER_PATHS = NO;
				CLANG_ANALYZER_NONNULL = YES;
				CLANG_ANALYZER_NUMBER_OBJECT_CONVERSION = YES_AGGRESSIVE;
				CLANG_CXX_LANGUAGE_STANDARD = "gnu++14";
				CLANG_CXX_LIBRARY = "libc++";
				CLANG_ENABLE_MODULES = YES;
				CLANG_ENABLE_OBJC_ARC = YES;
				CLANG_ENABLE_OBJC_WEAK = YES;
				CLANG_WARN_BLOCK_CAPTURE_AUTORELEASING = YES;
				CLANG_WARN_BOOL_CONVERSION = YES;
				CLANG_WARN_COMMA = YES;
				CLANG_WARN_CONSTANT_CONVERSION = YES;
				CLANG_WARN_DEPRECATED_OBJC_IMPLEMENTATIONS = YES;
				CLANG_WARN_DIRECT_OBJC_ISA_USAGE = YES_ERROR;
				CLANG_WARN_DOCUMENTATION_COMMENTS = YES;
				CLANG_WARN_EMPTY_BODY = YES;
				CLANG_WARN_ENUM_CONVERSION = YES;
				CLANG_WARN_INFINITE_RECURSION = YES;
				CLANG_WARN_INT_CONVERSION = YES;
				CLANG_WARN_NON_LITERAL_NULL_CONVERSION = YES;
				CLANG_WARN_OBJC_IMPLICIT_RETAIN_SELF = YES;
				CLANG_WARN_OBJC_LITERAL_CONVERSION = YES;
				CLANG_WARN_OBJC_ROOT_CLASS = YES_ERROR;
				CLANG_WARN_RANGE_LOOP_ANALYSIS = YES;
				CLANG_WARN_STRICT_PROTOTYPES = YES;
				CLANG_WARN_SUSPICIOUS_MOVE = YES;
				CLANG_WARN_UNGUARDED_AVAILABILITY = YES_AGGRESSIVE;
				CLANG_WARN_UNREACHABLE_CODE = YES;
				CLANG_WARN__DUPLICATE_METHOD_MATCH = YES;
				CODE_SIGN_IDENTITY = "iPhone Developer";
				COPY_PHASE_STRIP = NO;
				DEBUG_INFORMATION_FORMAT = dwarf;
				ENABLE_STRICT_OBJC_MSGSEND = YES;
				ENABLE_TESTABILITY = YES;
				GCC_C_LANGUAGE_STANDARD = gnu11;
				GCC_DYNAMIC_NO_PIC = NO;
				GCC_NO_COMMON_BLOCKS = YES;
				GCC_OPTIMIZATION_LEVEL = 0;
				GCC_PREPROCESSOR_DEFINITIONS = (
					"DEBUG=1",
					"$(inherited)",
				);
				GCC_WARN_64_TO_32_BIT_CONVERSION = YES;
				GCC_WARN_ABOUT_RETURN_TYPE = YES_ERROR;
				GCC_WARN_UNDECLARED_SELECTOR = YES;
				GCC_WARN_UNINITIALIZED_AUTOS = YES_AGGRESSIVE;
				GCC_WARN_UNUSED_FUNCTION = YES;
				GCC_WARN_UNUSED_VARIABLE = YES;
				IPHONEOS_DEPLOYMENT_TARGET = 12.4;
				MTL_ENABLE_DEBUG_INFO = INCLUDE_SOURCE;
				MTL_FAST_MATH = YES;
				ONLY_ACTIVE_ARCH = YES;
				SDKROOT = iphoneos;
				SWIFT_ACTIVE_COMPILATION_CONDITIONS = DEBUG;
				SWIFT_OPTIMIZATION_LEVEL = "-Onone";
			};
			name = Debug;
		};
		8EF72034232F316B0035C87D /* Release */ = {
			isa = XCBuildConfiguration;
			buildSettings = {
				ALWAYS_SEARCH_USER_PATHS = NO;
				CLANG_ANALYZER_NONNULL = YES;
				CLANG_ANALYZER_NUMBER_OBJECT_CONVERSION = YES_AGGRESSIVE;
				CLANG_CXX_LANGUAGE_STANDARD = "gnu++14";
				CLANG_CXX_LIBRARY = "libc++";
				CLANG_ENABLE_MODULES = YES;
				CLANG_ENABLE_OBJC_ARC = YES;
				CLANG_ENABLE_OBJC_WEAK = YES;
				CLANG_WARN_BLOCK_CAPTURE_AUTORELEASING = YES;
				CLANG_WARN_BOOL_CONVERSION = YES;
				CLANG_WARN_COMMA = YES;
				CLANG_WARN_CONSTANT_CONVERSION = YES;
				CLANG_WARN_DEPRECATED_OBJC_IMPLEMENTATIONS = YES;
				CLANG_WARN_DIRECT_OBJC_ISA_USAGE = YES_ERROR;
				CLANG_WARN_DOCUMENTATION_COMMENTS = YES;
				CLANG_WARN_EMPTY_BODY = YES;
				CLANG_WARN_ENUM_CONVERSION = YES;
				CLANG_WARN_INFINITE_RECURSION = YES;
				CLANG_WARN_INT_CONVERSION = YES;
				CLANG_WARN_NON_LITERAL_NULL_CONVERSION = YES;
				CLANG_WARN_OBJC_IMPLICIT_RETAIN_SELF = YES;
				CLANG_WARN_OBJC_LITERAL_CONVERSION = YES;
				CLANG_WARN_OBJC_ROOT_CLASS = YES_ERROR;
				CLANG_WARN_RANGE_LOOP_ANALYSIS = YES;
				CLANG_WARN_STRICT_PROTOTYPES = YES;
				CLANG_WARN_SUSPICIOUS_MOVE = YES;
				CLANG_WARN_UNGUARDED_AVAILABILITY = YES_AGGRESSIVE;
				CLANG_WARN_UNREACHABLE_CODE = YES;
				CLANG_WARN__DUPLICATE_METHOD_MATCH = YES;
				CODE_SIGN_IDENTITY = "iPhone Developer";
				COPY_PHASE_STRIP = NO;
				DEBUG_INFORMATION_FORMAT = "dwarf-with-dsym";
				ENABLE_NS_ASSERTIONS = NO;
				ENABLE_STRICT_OBJC_MSGSEND = YES;
				GCC_C_LANGUAGE_STANDARD = gnu11;
				GCC_NO_COMMON_BLOCKS = YES;
				GCC_WARN_64_TO_32_BIT_CONVERSION = YES;
				GCC_WARN_ABOUT_RETURN_TYPE = YES_ERROR;
				GCC_WARN_UNDECLARED_SELECTOR = YES;
				GCC_WARN_UNINITIALIZED_AUTOS = YES_AGGRESSIVE;
				GCC_WARN_UNUSED_FUNCTION = YES;
				GCC_WARN_UNUSED_VARIABLE = YES;
				IPHONEOS_DEPLOYMENT_TARGET = 12.4;
				MTL_ENABLE_DEBUG_INFO = NO;
				MTL_FAST_MATH = YES;
				SDKROOT = iphoneos;
				SWIFT_COMPILATION_MODE = wholemodule;
				SWIFT_OPTIMIZATION_LEVEL = "-O";
				VALIDATE_PRODUCT = YES;
			};
			name = Release;
		};
		8EF72036232F316B0035C87D /* Debug */ = {
			isa = XCBuildConfiguration;
			buildSettings = {
				ASSETCATALOG_COMPILER_APPICON_NAME = AppIcon;
				CODE_SIGN_STYLE = Automatic;
				DEVELOPMENT_TEAM = 57295SJPYP;
				INFOPLIST_FILE = "Bip The Guy/Info.plist";
				LD_RUNPATH_SEARCH_PATHS = (
					"$(inherited)",
					"@executable_path/Frameworks",
				);
				PRODUCT_BUNDLE_IDENTIFIER = "com.Singh.Bip-The-Guy";
				PRODUCT_NAME = "$(TARGET_NAME)";
				SWIFT_VERSION = 5.0;
				TARGETED_DEVICE_FAMILY = "1,2";
			};
			name = Debug;
		};
		8EF72037232F316B0035C87D /* Release */ = {
			isa = XCBuildConfiguration;
			buildSettings = {
				ASSETCATALOG_COMPILER_APPICON_NAME = AppIcon;
				CODE_SIGN_STYLE = Automatic;
				DEVELOPMENT_TEAM = 57295SJPYP;
				INFOPLIST_FILE = "Bip The Guy/Info.plist";
				LD_RUNPATH_SEARCH_PATHS = (
					"$(inherited)",
					"@executable_path/Frameworks",
				);
				PRODUCT_BUNDLE_IDENTIFIER = "com.Singh.Bip-The-Guy";
				PRODUCT_NAME = "$(TARGET_NAME)";
				SWIFT_VERSION = 5.0;
				TARGETED_DEVICE_FAMILY = "1,2";
			};
			name = Release;
		};
		8EF72039232F316B0035C87D /* Debug */ = {
			isa = XCBuildConfiguration;
			buildSettings = {
				ALWAYS_EMBED_SWIFT_STANDARD_LIBRARIES = YES;
				BUNDLE_LOADER = "$(TEST_HOST)";
				CODE_SIGN_STYLE = Automatic;
				DEVELOPMENT_TEAM = 57295SJPYP;
				INFOPLIST_FILE = "Bip The GuyTests/Info.plist";
				LD_RUNPATH_SEARCH_PATHS = (
					"$(inherited)",
					"@executable_path/Frameworks",
					"@loader_path/Frameworks",
				);
				PRODUCT_BUNDLE_IDENTIFIER = "com.Singh.Bip-The-GuyTests";
				PRODUCT_NAME = "$(TARGET_NAME)";
				SWIFT_VERSION = 5.0;
				TARGETED_DEVICE_FAMILY = "1,2";
				TEST_HOST = "$(BUILT_PRODUCTS_DIR)/Bip The Guy.app/Bip The Guy";
			};
			name = Debug;
		};
		8EF7203A232F316B0035C87D /* Release */ = {
			isa = XCBuildConfiguration;
			buildSettings = {
				ALWAYS_EMBED_SWIFT_STANDARD_LIBRARIES = YES;
				BUNDLE_LOADER = "$(TEST_HOST)";
				CODE_SIGN_STYLE = Automatic;
				DEVELOPMENT_TEAM = 57295SJPYP;
				INFOPLIST_FILE = "Bip The GuyTests/Info.plist";
				LD_RUNPATH_SEARCH_PATHS = (
					"$(inherited)",
					"@executable_path/Frameworks",
					"@loader_path/Frameworks",
				);
				PRODUCT_BUNDLE_IDENTIFIER = "com.Singh.Bip-The-GuyTests";
				PRODUCT_NAME = "$(TARGET_NAME)";
				SWIFT_VERSION = 5.0;
				TARGETED_DEVICE_FAMILY = "1,2";
				TEST_HOST = "$(BUILT_PRODUCTS_DIR)/Bip The Guy.app/Bip The Guy";
			};
			name = Release;
		};
/* End XCBuildConfiguration section */

/* Begin XCConfigurationList section */
		8EF72013232F31690035C87D /* Build configuration list for PBXProject "Bip The Guy" */ = {
			isa = XCConfigurationList;
			buildConfigurations = (
				8EF72033232F316B0035C87D /* Debug */,
				8EF72034232F316B0035C87D /* Release */,
			);
			defaultConfigurationIsVisible = 0;
			defaultConfigurationName = Release;
		};
		8EF72035232F316B0035C87D /* Build configuration list for PBXNativeTarget "Bip The Guy" */ = {
			isa = XCConfigurationList;
			buildConfigurations = (
				8EF72036232F316B0035C87D /* Debug */,
				8EF72037232F316B0035C87D /* Release */,
			);
			defaultConfigurationIsVisible = 0;
			defaultConfigurationName = Release;
		};
		8EF72038232F316B0035C87D /* Build configuration list for PBXNativeTarget "Bip The GuyTests" */ = {
			isa = XCConfigurationList;
			buildConfigurations = (
				8EF72039232F316B0035C87D /* Debug */,
				8EF7203A232F316B0035C87D /* Release */,
			);
			defaultConfigurationIsVisible = 0;
			defaultConfigurationName = Release;
		};
/* End XCConfigurationList section */
	};
	rootObject = 8EF72010232F31690035C87D /* Project object */;
}
